// !$*UTF8*$!
{
	archiveVersion = 1;
	classes = {
	};
	objectVersion = 56;
	objects = {

/* Begin PBXBuildFile section */
		A10001 /* KidsMathApp.swift in Sources */ = {isa = PBXBuildFile; fileRef = B10001; };
		A10002 /* AppState.swift in Sources */ = {isa = PBXBuildFile; fileRef = B10002; };
		A10003 /* AppRouter.swift in Sources */ = {isa = PBXBuildFile; fileRef = B10003; };
		A10004 /* Theme.swift in Sources */ = {isa = PBXBuildFile; fileRef = B10004; };
		A10005 /* MathOperation.swift in Sources */ = {isa = PBXBuildFile; fileRef = B10005; };
		A10006 /* DifficultyLevel.swift in Sources */ = {isa = PBXBuildFile; fileRef = B10006; };
		A10007 /* MathProblem.swift in Sources */ = {isa = PBXBuildFile; fileRef = B10007; };
		A10008 /* PracticeResult.swift in Sources */ = {isa = PBXBuildFile; fileRef = B10008; };
		A10009 /* ChildProgress.swift in Sources */ = {isa = PBXBuildFile; fileRef = B10009; };
		A10010 /* AppSettings.swift in Sources */ = {isa = PBXBuildFile; fileRef = B10010; };
		A10011 /* MathEngine.swift in Sources */ = {isa = PBXBuildFile; fileRef = B10011; };
		A10012 /* AudioService.swift in Sources */ = {isa = PBXBuildFile; fileRef = B10012; };
		A10013 /* RewardService.swift in Sources */ = {isa = PBXBuildFile; fileRef = B10013; };
		A10014 /* ThemeManager.swift in Sources */ = {isa = PBXBuildFile; fileRef = B10014; };
		A10015 /* HomeViewModel.swift in Sources */ = {isa = PBXBuildFile; fileRef = B10015; };
		A10016 /* ThemeSelectionViewModel.swift in Sources */ = {isa = PBXBuildFile; fileRef = B10016; };
		A10017 /* PracticeSessionViewModel.swift in Sources */ = {isa = PBXBuildFile; fileRef = B10017; };
		A10018 /* ParentSettingsViewModel.swift in Sources */ = {isa = PBXBuildFile; fileRef = B10018; };
		A10019 /* ProgressViewModel.swift in Sources */ = {isa = PBXBuildFile; fileRef = B10019; };
		A10020 /* HomeView.swift in Sources */ = {isa = PBXBuildFile; fileRef = B10020; };
		A10021 /* ThemeSelectionView.swift in Sources */ = {isa = PBXBuildFile; fileRef = B10021; };
		A10022 /* PracticeView.swift in Sources */ = {isa = PBXBuildFile; fileRef = B10022; };
		A10023 /* ParentSettingsView.swift in Sources */ = {isa = PBXBuildFile; fileRef = B10023; };
		A10024 /* ProgressView_.swift in Sources */ = {isa = PBXBuildFile; fileRef = B10024; };
		A10025 /* LargeButton.swift in Sources */ = {isa = PBXBuildFile; fileRef = B10025; };
		A10026 /* CelebrationView.swift in Sources */ = {isa = PBXBuildFile; fileRef = B10026; };
		A10027 /* ObjectCountView.swift in Sources */ = {isa = PBXBuildFile; fileRef = B10027; };
		A10028 /* StarRatingView.swift in Sources */ = {isa = PBXBuildFile; fileRef = B10028; };
		A10029 /* Assets.xcassets in Resources */ = {isa = PBXBuildFile; fileRef = B10029; };
/* End PBXBuildFile section */

/* Begin PBXFileReference section */
		B10001 /* KidsMathApp.swift */ = {isa = PBXFileReference; lastKnownFileType = sourcecode.swift; path = KidsMathApp.swift; sourceTree = "<group>"; };
		B10002 /* AppState.swift */ = {isa = PBXFileReference; lastKnownFileType = sourcecode.swift; path = AppState.swift; sourceTree = "<group>"; };
		B10003 /* AppRouter.swift */ = {isa = PBXFileReference; lastKnownFileType = sourcecode.swift; path = AppRouter.swift; sourceTree = "<group>"; };
		B10004 /* Theme.swift */ = {isa = PBXFileReference; lastKnownFileType = sourcecode.swift; path = Theme.swift; sourceTree = "<group>"; };
		B10005 /* MathOperation.swift */ = {isa = PBXFileReference; lastKnownFileType = sourcecode.swift; path = MathOperation.swift; sourceTree = "<group>"; };
		B10006 /* DifficultyLevel.swift */ = {isa = PBXFileReference; lastKnownFileType = sourcecode.swift; path = DifficultyLevel.swift; sourceTree = "<group>"; };
		B10007 /* MathProblem.swift */ = {isa = PBXFileReference; lastKnownFileType = sourcecode.swift; path = MathProblem.swift; sourceTree = "<group>"; };
		B10008 /* PracticeResult.swift */ = {isa = PBXFileReference; lastKnownFileType = sourcecode.swift; path = PracticeResult.swift; sourceTree = "<group>"; };
		B10009 /* ChildProgress.swift */ = {isa = PBXFileReference; lastKnownFileType = sourcecode.swift; path = ChildProgress.swift; sourceTree = "<group>"; };
		B10010 /* AppSettings.swift */ = {isa = PBXFileReference; lastKnownFileType = sourcecode.swift; path = AppSettings.swift; sourceTree = "<group>"; };
		B10011 /* MathEngine.swift */ = {isa = PBXFileReference; lastKnownFileType = sourcecode.swift; path = MathEngine.swift; sourceTree = "<group>"; };
		B10012 /* AudioService.swift */ = {isa = PBXFileReference; lastKnownFileType = sourcecode.swift; path = AudioService.swift; sourceTree = "<group>"; };
		B10013 /* RewardService.swift */ = {isa = PBXFileReference; lastKnownFileType = sourcecode.swift; path = RewardService.swift; sourceTree = "<group>"; };
		B10014 /* ThemeManager.swift */ = {isa = PBXFileReference; lastKnownFileType = sourcecode.swift; path = ThemeManager.swift; sourceTree = "<group>"; };
		B10015 /* HomeViewModel.swift */ = {isa = PBXFileReference; lastKnownFileType = sourcecode.swift; path = HomeViewModel.swift; sourceTree = "<group>"; };
		B10016 /* ThemeSelectionViewModel.swift */ = {isa = PBXFileReference; lastKnownFileType = sourcecode.swift; path = ThemeSelectionViewModel.swift; sourceTree = "<group>"; };
		B10017 /* PracticeSessionViewModel.swift */ = {isa = PBXFileReference; lastKnownFileType = sourcecode.swift; path = PracticeSessionViewModel.swift; sourceTree = "<group>"; };
		B10018 /* ParentSettingsViewModel.swift */ = {isa = PBXFileReference; lastKnownFileType = sourcecode.swift; path = ParentSettingsViewModel.swift; sourceTree = "<group>"; };
		B10019 /* ProgressViewModel.swift */ = {isa = PBXFileReference; lastKnownFileType = sourcecode.swift; path = ProgressViewModel.swift; sourceTree = "<group>"; };
		B10020 /* HomeView.swift */ = {isa = PBXFileReference; lastKnownFileType = sourcecode.swift; path = HomeView.swift; sourceTree = "<group>"; };
		B10021 /* ThemeSelectionView.swift */ = {isa = PBXFileReference; lastKnownFileType = sourcecode.swift; path = ThemeSelectionView.swift; sourceTree = "<group>"; };
		B10022 /* PracticeView.swift */ = {isa = PBXFileReference; lastKnownFileType = sourcecode.swift; path = PracticeView.swift; sourceTree = "<group>"; };
		B10023 /* ParentSettingsView.swift */ = {isa = PBXFileReference; lastKnownFileType = sourcecode.swift; path = ParentSettingsView.swift; sourceTree = "<group>"; };
		B10024 /* ProgressView_.swift */ = {isa = PBXFileReference; lastKnownFileType = sourcecode.swift; path = ProgressView_.swift; sourceTree = "<group>"; };
		B10025 /* LargeButton.swift */ = {isa = PBXFileReference; lastKnownFileType = sourcecode.swift; path = LargeButton.swift; sourceTree = "<group>"; };
		B10026 /* CelebrationView.swift */ = {isa = PBXFileReference; lastKnownFileType = sourcecode.swift; path = CelebrationView.swift; sourceTree = "<group>"; };
		B10027 /* ObjectCountView.swift */ = {isa = PBXFileReference; lastKnownFileType = sourcecode.swift; path = ObjectCountView.swift; sourceTree = "<group>"; };
		B10028 /* StarRatingView.swift */ = {isa = PBXFileReference; lastKnownFileType = sourcecode.swift; path = StarRatingView.swift; sourceTree = "<group>"; };
		B10029 /* Assets.xcassets */ = {isa = PBXFileReference; lastKnownFileType = folder.assetcatalog; path = Assets.xcassets; sourceTree = "<group>"; };
		C10001 /* KidsMathApp.app */ = {isa = PBXFileReference; explicitFileType = wrapper.application; includeInIndex = 0; path = KidsMathApp.app; sourceTree = BUILT_PRODUCTS_DIR; };
/* End PBXFileReference section */

/* Begin PBXFrameworksBuildPhase section */
		D10001 /* Frameworks */ = {
			isa = PBXFrameworksBuildPhase;
			buildActionMask = 2147483647;
			files = (
			);
			runOnlyForDeploymentPostprocessing = 0;
		};
/* End PBXFrameworksBuildPhase section */

/* Begin PBXGroup section */
		E10001 = {
			isa = PBXGroup;
			children = (
				E10002 /* KidsMathApp */,
				E10020 /* Products */,
			);
			sourceTree = "<group>";
		};
		E10002 /* KidsMathApp */ = {
			isa = PBXGroup;
			children = (
				E10003 /* App */,
				E10004 /* Models */,
				E10005 /* ViewModels */,
				E10006 /* Views */,
				E10011 /* Games */,
				E10012 /* Themes */,
				E10013 /* Services */,
				E10014 /* Resources */,
			);
			path = KidsMathApp;
			sourceTree = "<group>";
		};
		E10003 /* App */ = {
			isa = PBXGroup;
			children = (
				B10001 /* KidsMathApp.swift */,
				B10002 /* AppState.swift */,
				B10003 /* AppRouter.swift */,
			);
			path = App;
			sourceTree = "<group>";
		};
		E10004 /* Models */ = {
			isa = PBXGroup;
			children = (
				B10004 /* Theme.swift */,
				B10005 /* MathOperation.swift */,
				B10006 /* DifficultyLevel.swift */,
				B10007 /* MathProblem.swift */,
				B10008 /* PracticeResult.swift */,
				B10009 /* ChildProgress.swift */,
				B10010 /* AppSettings.swift */,
			);
			path = Models;
			sourceTree = "<group>";
		};
		E10005 /* ViewModels */ = {
			isa = PBXGroup;
			children = (
				B10015 /* HomeViewModel.swift */,
				B10016 /* ThemeSelectionViewModel.swift */,
				B10017 /* PracticeSessionViewModel.swift */,
				B10018 /* ParentSettingsViewModel.swift */,
				B10019 /* ProgressViewModel.swift */,
			);
			path = ViewModels;
			sourceTree = "<group>";
		};
		E10006 /* Views */ = {
			isa = PBXGroup;
			children = (
				E10007 /* Home */,
				E10008 /* ThemeSelection */,
				E10009 /* Practice */,
				E10015 /* Parent */,
				E10016 /* Progress */,
				E10010 /* Shared */,
			);
			path = Views;
			sourceTree = "<group>";
		};
		E10007 /* Home */ = {
			isa = PBXGroup;
			children = (
				B10020 /* HomeView.swift */,
			);
			path = Home;
			sourceTree = "<group>";
		};
		E10008 /* ThemeSelection */ = {
			isa = PBXGroup;
			children = (
				B10021 /* ThemeSelectionView.swift */,
			);
			path = ThemeSelection;
			sourceTree = "<group>";
		};
		E10009 /* Practice */ = {
			isa = PBXGroup;
			children = (
				B10022 /* PracticeView.swift */,
			);
			path = Practice;
			sourceTree = "<group>";
		};
		E10010 /* Shared */ = {
			isa = PBXGroup;
			children = (
				B10025 /* LargeButton.swift */,
				B10026 /* CelebrationView.swift */,
				B10027 /* ObjectCountView.swift */,
				B10028 /* StarRatingView.swift */,
			);
			path = Shared;
			sourceTree = "<group>";
		};
		E10011 /* Games */ = {
			isa = PBXGroup;
			children = (
				B10011 /* MathEngine.swift */,
			);
			path = Games;
			sourceTree = "<group>";
		};
		E10012 /* Themes */ = {
			isa = PBXGroup;
			children = (
				B10014 /* ThemeManager.swift */,
			);
			path = Themes;
			sourceTree = "<group>";
		};
		E10013 /* Services */ = {
			isa = PBXGroup;
			children = (
				B10012 /* AudioService.swift */,
				B10013 /* RewardService.swift */,
			);
			path = Services;
			sourceTree = "<group>";
		};
		E10014 /* Resources */ = {
			isa = PBXGroup;
			children = (
				B10029 /* Assets.xcassets */,
			);
			path = Resources;
			sourceTree = "<group>";
		};
		E10015 /* Parent */ = {
			isa = PBXGroup;
			children = (
				B10023 /* ParentSettingsView.swift */,
			);
			path = Parent;
			sourceTree = "<group>";
		};
		E10016 /* Progress */ = {
			isa = PBXGroup;
			children = (
				B10024 /* ProgressView_.swift */,
			);
			path = Progress;
			sourceTree = "<group>";
		};
		E10020 /* Products */ = {
			isa = PBXGroup;
			children = (
				C10001 /* KidsMathApp.app */,
			);
			name = Products;
			sourceTree = "<group>";
		};
/* End PBXGroup section */

/* Begin PBXNativeTarget section */
		F10001 /* KidsMathApp */ = {
			isa = PBXNativeTarget;
			buildConfigurationList = G10003;
			buildPhases = (
				F10002 /* Sources */,
				D10001 /* Frameworks */,
				F10003 /* Resources */,
			);
			buildRules = (
			);
			dependencies = (
			);
			name = KidsMathApp;
			productName = KidsMathApp;
			productReference = C10001 /* KidsMathApp.app */;
			productType = "com.apple.product-type.application";
		};
/* End PBXNativeTarget section */

/* Begin PBXProject section */
		H10001 /* Project object */ = {
			isa = PBXProject;
			attributes = {
				BuildIndependentTargetsInParallel = 1;
				LastSwiftUpdateCheck = 1540;
				LastUpgradeCheck = 1540;
				TargetAttributes = {
					F10001 = {
						CreatedOnToolsVersion = 15.4;
					};
				};
			};
			buildConfigurationList = G10001;
			compatibilityVersion = "Xcode 14.0";
			developmentRegion = en;
			hasScannedForEncodings = 0;
			knownRegions = (
				en,
				Base,
			);
			mainGroup = E10001;
			productRefGroup = E10020 /* Products */;
			projectDirPath = "";
			projectRoot = "";
			targets = (
				F10001 /* KidsMathApp */,
			);
		};
/* End PBXProject section */

/* Begin PBXResourcesBuildPhase section */
		F10003 /* Resources */ = {
			isa = PBXResourcesBuildPhase;
			buildActionMask = 2147483647;
			files = (
				A10029 /* Assets.xcassets in Resources */,
			);
			runOnlyForDeploymentPostprocessing = 0;
		};
/* End PBXResourcesBuildPhase section */

/* Begin PBXSourcesBuildPhase section */
		F10002 /* Sources */ = {
			isa = PBXSourcesBuildPhase;
			buildActionMask = 2147483647;
			files = (
				A10001 /* KidsMathApp.swift in Sources */,
				A10002 /* AppState.swift in Sources */,
				A10003 /* AppRouter.swift in Sources */,
				A10004 /* Theme.swift in Sources */,
				A10005 /* MathOperation.swift in Sources */,
				A10006 /* DifficultyLevel.swift in Sources */,
				A10007 /* MathProblem.swift in Sources */,
				A10008 /* PracticeResult.swift in Sources */,
				A10009 /* ChildProgress.swift in Sources */,
				A10010 /* AppSettings.swift in Sources */,
				A10011 /* MathEngine.swift in Sources */,
				A10012 /* AudioService.swift in Sources */,
				A10013 /* RewardService.swift in Sources */,
				A10014 /* ThemeManager.swift in Sources */,
				A10015 /* HomeViewModel.swift in Sources */,
				A10016 /* ThemeSelectionViewModel.swift in Sources */,
				A10017 /* PracticeSessionViewModel.swift in Sources */,
				A10018 /* ParentSettingsViewModel.swift in Sources */,
				A10019 /* ProgressViewModel.swift in Sources */,
				A10020 /* HomeView.swift in Sources */,
				A10021 /* ThemeSelectionView.swift in Sources */,
				A10022 /* PracticeView.swift in Sources */,
				A10023 /* ParentSettingsView.swift in Sources */,
				A10024 /* ProgressView_.swift in Sources */,
				A10025 /* LargeButton.swift in Sources */,
				A10026 /* CelebrationView.swift in Sources */,
				A10027 /* ObjectCountView.swift in Sources */,
				A10028 /* StarRatingView.swift in Sources */,
			);
			runOnlyForDeploymentPostprocessing = 0;
		};
/* End PBXSourcesBuildPhase section */

/* Begin XCBuildConfiguration section */
		G10002 /* Debug */ = {
			isa = XCBuildConfiguration;
			buildSettings = {
				ALWAYS_SEARCH_USER_PATHS = NO;
				ASSETCATALOG_COMPILER_GENERATE_SWIFT_ASSET_SYMBOL_EXTENSIONS = YES;
				CLANG_ANALYZER_NONNULL = YES;
				CLANG_CXX_LANGUAGE_STANDARD = "gnu++20";
				CLANG_ENABLE_MODULES = YES;
				CLANG_ENABLE_OBJC_ARC = YES;
				CLANG_WARN_BLOCK_CAPTURE_AUTORELEASING = YES;
				CLANG_WARN_BOOL_CONVERSION = YES;
				CLANG_WARN_COMMA = YES;
				CLANG_WARN_CONSTANT_CONVERSION = YES;
				CLANG_WARN_DEPRECATED_OBJC_IMPLEMENTATIONS = YES;
				CLANG_WARN_DIRECT_OBJC_ISA_USAGE = YES_ERROR;
				CLANG_WARN_EMPTY_BODY = YES;
				CLANG_WARN_ENUM_CONVERSION = YES;
				CLANG_WARN_INFINITE_RECURSION = YES;
				CLANG_WARN_INT_CONVERSION = YES;
				CLANG_WARN_OBJC_IMPLICIT_RETAIN_SELF = YES;
				CLANG_WARN_OBJC_LITERAL_CONVERSION = YES;
				CLANG_WARN_OBJC_ROOT_CLASS = YES_ERROR;
				CLANG_WARN_QUOTED_INCLUDE_IN_FRAMEWORK_HEADER = YES;
				CLANG_WARN_RANGE_LOOP_ANALYSIS = YES;
				CLANG_WARN_STRICT_PROTOTYPES = YES;
				CLANG_WARN_SUSPICIOUS_MOVE = YES;
				CLANG_WARN_UNGUARDED_AVAILABILITY = YES_AGGRESSIVE;
				CLANG_WARN_UNREACHABLE_CODE = YES;
				COPY_PHASE_STRIP = NO;
				DEBUG_INFORMATION_FORMAT = dwarf;
				ENABLE_STRICT_OBJC_MSGSEND = YES;
				ENABLE_TESTABILITY = YES;
				GCC_DYNAMIC_NO_PIC = NO;
				GCC_NO_COMMON_BLOCKS = YES;
				GCC_OPTIMIZATION_LEVEL = 0;
				GCC_PREPROCESSOR_DEFINITIONS = (
					"DEBUG=1",
					"$(inherited)",
				);
				GCC_WARN_64_TO_32_BIT_CONVERSION = YES;
				GCC_WARN_ABOUT_RETURN_TYPE = YES_ERROR;
				GCC_WARN_UNDECLARED_SELECTOR = YES;
				GCC_WARN_UNINITIALIZED_AUTOS = YES_AGGRESSIVE;
				GCC_WARN_UNUSED_FUNCTION = YES;
				GCC_WARN_UNUSED_VARIABLE = YES;
				IPHONEOS_DEPLOYMENT_TARGET = 17.0;
				MTL_ENABLE_DEBUG_INFO = INCLUDE_SOURCE;
				MTL_FAST_MATH = YES;
				ONLY_ACTIVE_ARCH = YES;
				SDKROOT = iphoneos;
				SWIFT_ACTIVE_COMPILATION_CONDITIONS = "DEBUG $(inherited)";
				SWIFT_OPTIMIZATION_LEVEL = "-Onone";
			};
			name = Debug;
		};
		G10004 /* Release */ = {
			isa = XCBuildConfiguration;
			buildSettings = {
				ALWAYS_SEARCH_USER_PATHS = NO;
				ASSETCATALOG_COMPILER_GENERATE_SWIFT_ASSET_SYMBOL_EXTENSIONS = YES;
				CLANG_ANALYZER_NONNULL = YES;
				CLANG_CXX_LANGUAGE_STANDARD = "gnu++20";
				CLANG_ENABLE_MODULES = YES;
				CLANG_ENABLE_OBJC_ARC = YES;
				CLANG_WARN_BLOCK_CAPTURE_AUTORELEASING = YES;
				CLANG_WARN_BOOL_CONVERSION = YES;
				CLANG_WARN_COMMA = YES;
				CLANG_WARN_CONSTANT_CONVERSION = YES;
				CLANG_WARN_DEPRECATED_OBJC_IMPLEMENTATIONS = YES;
				CLANG_WARN_DIRECT_OBJC_ISA_USAGE = YES_ERROR;
				CLANG_WARN_EMPTY_BODY = YES;
				CLANG_WARN_ENUM_CONVERSION = YES;
				CLANG_WARN_INFINITE_RECURSION = YES;
				CLANG_WARN_INT_CONVERSION = YES;
				CLANG_WARN_OBJC_IMPLICIT_RETAIN_SELF = YES;
				CLANG_WARN_OBJC_LITERAL_CONVERSION = YES;
				CLANG_WARN_OBJC_ROOT_CLASS = YES_ERROR;
				CLANG_WARN_QUOTED_INCLUDE_IN_FRAMEWORK_HEADER = YES;
				CLANG_WARN_RANGE_LOOP_ANALYSIS = YES;
				CLANG_WARN_STRICT_PROTOTYPES = YES;
				CLANG_WARN_SUSPICIOUS_MOVE = YES;
				CLANG_WARN_UNGUARDED_AVAILABILITY = YES_AGGRESSIVE;
				CLANG_WARN_UNREACHABLE_CODE = YES;
				COPY_PHASE_STRIP = NO;
				DEBUG_INFORMATION_FORMAT = "dwarf-with-dsym";
				ENABLE_NS_ASSERTIONS = NO;
				ENABLE_STRICT_OBJC_MSGSEND = YES;
				GCC_DYNAMIC_NO_PIC = NO;
				GCC_NO_COMMON_BLOCKS = YES;
				GCC_WARN_64_TO_32_BIT_CONVERSION = YES;
				GCC_WARN_ABOUT_RETURN_TYPE = YES_ERROR;
				GCC_WARN_UNDECLARED_SELECTOR = YES;
				GCC_WARN_UNINITIALIZED_AUTOS = YES_AGGRESSIVE;
				GCC_WARN_UNUSED_FUNCTION = YES;
				GCC_WARN_UNUSED_VARIABLE = YES;
				IPHONEOS_DEPLOYMENT_TARGET = 17.0;
				MTL_ENABLE_DEBUG_INFO = NO;
				MTL_FAST_MATH = YES;
				SDKROOT = iphoneos;
				SWIFT_COMPILATION_MODE = wholemodule;
				VALIDATE_PRODUCT = YES;
			};
			name = Release;
		};
		G10005 /* Debug */ = {
			isa = XCBuildConfiguration;
			buildSettings = {
				ASSETCATALOG_COMPILER_APPICON_NAME = AppIcon;
				ASSETCATALOG_COMPILER_GLOBAL_ACCENT_COLOR_NAME = AccentColor;
				CODE_SIGN_STYLE = Automatic;
				CURRENT_PROJECT_VERSION = 1;
				DEVELOPMENT_ASSET_PATHS = "";
				ENABLE_PREVIEWS = YES;
				GENERATE_INFOPLIST_FILE = YES;
				INFOPLIST_KEY_CFBundleDisplayName = "Math Buddy";
				INFOPLIST_KEY_UIApplicationSceneManifest_Generation = YES;
				INFOPLIST_KEY_UIApplicationSupportsIndirectInputEvents = YES;
				INFOPLIST_KEY_UILaunchScreen_Generation = YES;
				INFOPLIST_KEY_UISupportedInterfaceOrientations = UIInterfaceOrientationPortrait;
				INFOPLIST_KEY_UISupportedInterfaceOrientations_iPad = "UIInterfaceOrientationLandscapeLeft UIInterfaceOrientationLandscapeRight UIInterfaceOrientationPortrait UIInterfaceOrientationPortraitUpsideDown";
				LD_RUNPATH_SEARCH_PATHS = (
					"$(inherited)",
					"@executable_path/Frameworks",
				);
				MARKETING_VERSION = 1.0;
				PRODUCT_BUNDLE_IDENTIFIER = com.kidsmathapp.MathBuddy;
				PRODUCT_NAME = "$(TARGET_NAME)";
				SUPPORTED_PLATFORMS = "iphoneos iphonesimulator";
				SUPPORTS_MACCATALYST = NO;
				SWIFT_EMIT_LOC_STRINGS = YES;
				SWIFT_VERSION = 5.0;
				TARGETED_DEVICE_FAMILY = "1,2";
			};
			name = Debug;
		};
		G10006 /* Release */ = {
			isa = XCBuildConfiguration;
			buildSettings = {
				ASSETCATALOG_COMPILER_APPICON_NAME = AppIcon;
				ASSETCATALOG_COMPILER_GLOBAL_ACCENT_COLOR_NAME = AccentColor;
				CODE_SIGN_STYLE = Automatic;
				CURRENT_PROJECT_VERSION = 1;
				DEVELOPMENT_ASSET_PATHS = "";
				ENABLE_PREVIEWS = YES;
				GENERATE_INFOPLIST_FILE = YES;
				INFOPLIST_KEY_CFBundleDisplayName = "Math Buddy";
				INFOPLIST_KEY_UIApplicationSceneManifest_Generation = YES;
				INFOPLIST_KEY_UIApplicationSupportsIndirectInputEvents = YES;
				INFOPLIST_KEY_UILaunchScreen_Generation = YES;
				INFOPLIST_KEY_UISupportedInterfaceOrientations = UIInterfaceOrientationPortrait;
				INFOPLIST_KEY_UISupportedInterfaceOrientations_iPad = "UIInterfaceOrientationLandscapeLeft UIInterfaceOrientationLandscapeRight UIInterfaceOrientationPortrait UIInterfaceOrientationPortraitUpsideDown";
				LD_RUNPATH_SEARCH_PATHS = (
					"$(inherited)",
					"@executable_path/Frameworks",
				);
				MARKETING_VERSION = 1.0;
				PRODUCT_BUNDLE_IDENTIFIER = com.kidsmathapp.MathBuddy;
				PRODUCT_NAME = "$(TARGET_NAME)";
				SUPPORTED_PLATFORMS = "iphoneos iphonesimulator";
				SUPPORTS_MACCATALYST = NO;
				SWIFT_EMIT_LOC_STRINGS = YES;
				SWIFT_VERSION = 5.0;
				TARGETED_DEVICE_FAMILY = "1,2";
			};
			name = Release;
		};
/* End XCBuildConfiguration section */

/* Begin XCConfigurationList section */
		G10001 /* Build configuration list for PBXProject "KidsMathApp" */ = {
			isa = XCConfigurationList;
			buildConfigurations = (
				G10002 /* Debug */,
				G10004 /* Release */,
			);
			defaultConfigurationIsVisible = 0;
			defaultConfigurationName = Release;
		};
		G10003 /* Build configuration list for PBXNativeTarget "KidsMathApp" */ = {
			isa = XCConfigurationList;
			buildConfigurations = (
				G10005 /* Debug */,
				G10006 /* Release */,
			);
			defaultConfigurationIsVisible = 0;
			defaultConfigurationName = Release;
		};
/* End XCConfigurationList section */

	};
	rootObject = H10001 /* Project object */;
}
